// !$*UTF8*$!
{
	archiveVersion = 1;
	classes = {
	};
	objectVersion = 56;
	objects = {

/* Begin PBXBuildFile section */
		38A4A7E729724CCF00F504DD /* NewsModel.swift in Sources */ = {isa = PBXBuildFile; fileRef = 38A4A7E629724CCF00F504DD /* NewsModel.swift */; };
		38A4A7EA29724F4A00F504DD /* NetworkManager.swift in Sources */ = {isa = PBXBuildFile; fileRef = 38A4A7E929724F4A00F504DD /* NetworkManager.swift */; };
		38A4A7EE2972508000F504DD /* CustomError.swift in Sources */ = {isa = PBXBuildFile; fileRef = 38A4A7ED2972508000F504DD /* CustomError.swift */; };
		38A4A7F02972AB1200F504DD /* CategoryModel.swift in Sources */ = {isa = PBXBuildFile; fileRef = 38A4A7EF2972AB1200F504DD /* CategoryModel.swift */; };
		38A4A7F22972AB8100F504DD /* Constants.swift in Sources */ = {isa = PBXBuildFile; fileRef = 38A4A7F12972AB8100F504DD /* Constants.swift */; };
		38D210F92973ACD4004D768A /* CDCategory+CoreDataClass.swift in Sources */ = {isa = PBXBuildFile; fileRef = 38D210F52973ACD4004D768A /* CDCategory+CoreDataClass.swift */; };
		38D210FA2973ACD5004D768A /* CDCategory+CoreDataProperties.swift in Sources */ = {isa = PBXBuildFile; fileRef = 38D210F62973ACD4004D768A /* CDCategory+CoreDataProperties.swift */; };
		38D210FB2973ACD5004D768A /* CDArticle+CoreDataClass.swift in Sources */ = {isa = PBXBuildFile; fileRef = 38D210F72973ACD4004D768A /* CDArticle+CoreDataClass.swift */; };
		38D210FC2973ACD5004D768A /* CDArticle+CoreDataProperties.swift in Sources */ = {isa = PBXBuildFile; fileRef = 38D210F82973ACD4004D768A /* CDArticle+CoreDataProperties.swift */; };
		38D211002973B6A4004D768A /* CoreDataStack.swift in Sources */ = {isa = PBXBuildFile; fileRef = 38D210FF2973B6A4004D768A /* CoreDataStack.swift */; };
		38D2110229744053004D768A /* BookmarkViewController.swift in Sources */ = {isa = PBXBuildFile; fileRef = 38D2110129744053004D768A /* BookmarkViewController.swift */; };
		38D2110629745038004D768A /* CategoryCollectionVC.swift in Sources */ = {isa = PBXBuildFile; fileRef = 38D2110529745038004D768A /* CategoryCollectionVC.swift */; };
		896B952729714DA90070BBE5 /* AppDelegate.swift in Sources */ = {isa = PBXBuildFile; fileRef = 896B952629714DA90070BBE5 /* AppDelegate.swift */; };
		896B952929714DA90070BBE5 /* SceneDelegate.swift in Sources */ = {isa = PBXBuildFile; fileRef = 896B952829714DA90070BBE5 /* SceneDelegate.swift */; };
		896B952B29714DA90070BBE5 /* ViewController.swift in Sources */ = {isa = PBXBuildFile; fileRef = 896B952A29714DA90070BBE5 /* ViewController.swift */; };
		896B952E29714DA90070BBE5 /* Main.storyboard in Resources */ = {isa = PBXBuildFile; fileRef = 896B952C29714DA90070BBE5 /* Main.storyboard */; };
		896B953129714DA90070BBE5 /* The_News_Explorer.xcdatamodeld in Sources */ = {isa = PBXBuildFile; fileRef = 896B952F29714DA90070BBE5 /* The_News_Explorer.xcdatamodeld */; };
		896B953329714DAA0070BBE5 /* Assets.xcassets in Resources */ = {isa = PBXBuildFile; fileRef = 896B953229714DAA0070BBE5 /* Assets.xcassets */; };
		896B953629714DAA0070BBE5 /* LaunchScreen.storyboard in Resources */ = {isa = PBXBuildFile; fileRef = 896B953429714DAA0070BBE5 /* LaunchScreen.storyboard */; };
		898831742974EF93004CE28D /* HomeTableViewCell.swift in Sources */ = {isa = PBXBuildFile; fileRef = 898831732974EF93004CE28D /* HomeTableViewCell.swift */; };
		8988317A297517E7004CE28D /* DetailsVC.swift in Sources */ = {isa = PBXBuildFile; fileRef = 89883179297517E7004CE28D /* DetailsVC.swift */; };
/* End PBXBuildFile section */

/* Begin PBXFileReference section */
		38A4A7E629724CCF00F504DD /* NewsModel.swift */ = {isa = PBXFileReference; lastKnownFileType = sourcecode.swift; path = NewsModel.swift; sourceTree = "<group>"; };
		38A4A7E929724F4A00F504DD /* NetworkManager.swift */ = {isa = PBXFileReference; lastKnownFileType = sourcecode.swift; path = NetworkManager.swift; sourceTree = "<group>"; };
		38A4A7ED2972508000F504DD /* CustomError.swift */ = {isa = PBXFileReference; lastKnownFileType = sourcecode.swift; path = CustomError.swift; sourceTree = "<group>"; };
		38A4A7EF2972AB1200F504DD /* CategoryModel.swift */ = {isa = PBXFileReference; lastKnownFileType = sourcecode.swift; path = CategoryModel.swift; sourceTree = "<group>"; };
		38A4A7F12972AB8100F504DD /* Constants.swift */ = {isa = PBXFileReference; lastKnownFileType = sourcecode.swift; path = Constants.swift; sourceTree = "<group>"; };
		38D210F52973ACD4004D768A /* CDCategory+CoreDataClass.swift */ = {isa = PBXFileReference; lastKnownFileType = sourcecode.swift; path = "CDCategory+CoreDataClass.swift"; sourceTree = "<group>"; };
		38D210F62973ACD4004D768A /* CDCategory+CoreDataProperties.swift */ = {isa = PBXFileReference; lastKnownFileType = sourcecode.swift; path = "CDCategory+CoreDataProperties.swift"; sourceTree = "<group>"; };
		38D210F72973ACD4004D768A /* CDArticle+CoreDataClass.swift */ = {isa = PBXFileReference; lastKnownFileType = sourcecode.swift; path = "CDArticle+CoreDataClass.swift"; sourceTree = "<group>"; };
		38D210F82973ACD4004D768A /* CDArticle+CoreDataProperties.swift */ = {isa = PBXFileReference; lastKnownFileType = sourcecode.swift; path = "CDArticle+CoreDataProperties.swift"; sourceTree = "<group>"; };
		38D210FF2973B6A4004D768A /* CoreDataStack.swift */ = {isa = PBXFileReference; lastKnownFileType = sourcecode.swift; path = CoreDataStack.swift; sourceTree = "<group>"; };
		38D2110129744053004D768A /* BookmarkViewController.swift */ = {isa = PBXFileReference; lastKnownFileType = sourcecode.swift; path = BookmarkViewController.swift; sourceTree = "<group>"; };
		38D2110529745038004D768A /* CategoryCollectionVC.swift */ = {isa = PBXFileReference; lastKnownFileType = sourcecode.swift; path = CategoryCollectionVC.swift; sourceTree = "<group>"; };
		896B952329714DA90070BBE5 /* The News Explorer.app */ = {isa = PBXFileReference; explicitFileType = wrapper.application; includeInIndex = 0; path = "The News Explorer.app"; sourceTree = BUILT_PRODUCTS_DIR; };
		896B952629714DA90070BBE5 /* AppDelegate.swift */ = {isa = PBXFileReference; lastKnownFileType = sourcecode.swift; path = AppDelegate.swift; sourceTree = "<group>"; };
		896B952829714DA90070BBE5 /* SceneDelegate.swift */ = {isa = PBXFileReference; lastKnownFileType = sourcecode.swift; path = SceneDelegate.swift; sourceTree = "<group>"; };
		896B952A29714DA90070BBE5 /* ViewController.swift */ = {isa = PBXFileReference; lastKnownFileType = sourcecode.swift; path = ViewController.swift; sourceTree = "<group>"; };
		896B952D29714DA90070BBE5 /* Base */ = {isa = PBXFileReference; lastKnownFileType = file.storyboard; name = Base; path = Base.lproj/Main.storyboard; sourceTree = "<group>"; };
		896B953029714DA90070BBE5 /* The_News_Explorer.xcdatamodel */ = {isa = PBXFileReference; lastKnownFileType = wrapper.xcdatamodel; path = The_News_Explorer.xcdatamodel; sourceTree = "<group>"; };
		896B953229714DAA0070BBE5 /* Assets.xcassets */ = {isa = PBXFileReference; lastKnownFileType = folder.assetcatalog; path = Assets.xcassets; sourceTree = "<group>"; };
		896B953529714DAA0070BBE5 /* Base */ = {isa = PBXFileReference; lastKnownFileType = file.storyboard; name = Base; path = Base.lproj/LaunchScreen.storyboard; sourceTree = "<group>"; };
		896B953729714DAA0070BBE5 /* Info.plist */ = {isa = PBXFileReference; lastKnownFileType = text.plist.xml; path = Info.plist; sourceTree = "<group>"; };
		898831732974EF93004CE28D /* HomeTableViewCell.swift */ = {isa = PBXFileReference; lastKnownFileType = sourcecode.swift; path = HomeTableViewCell.swift; sourceTree = "<group>"; };
		89883179297517E7004CE28D /* DetailsVC.swift */ = {isa = PBXFileReference; lastKnownFileType = sourcecode.swift; path = DetailsVC.swift; sourceTree = "<group>"; };
/* End PBXFileReference section */

/* Begin PBXFrameworksBuildPhase section */
		896B952029714DA90070BBE5 /* Frameworks */ = {
			isa = PBXFrameworksBuildPhase;
			buildActionMask = 2147483647;
			files = (
			);
			runOnlyForDeploymentPostprocessing = 0;
		};
/* End PBXFrameworksBuildPhase section */

/* Begin PBXGroup section */
		38A4A7E829724E6300F504DD /* Model */ = {
			isa = PBXGroup;
			children = (
				38D210EC2973AB17004D768A /* Coredata */,
				38A4A7EF2972AB1200F504DD /* CategoryModel.swift */,
				38A4A7E629724CCF00F504DD /* NewsModel.swift */,
			);
			path = Model;
			sourceTree = "<group>";
		};
		38A4A7EB29724F5600F504DD /* Controller */ = {
			isa = PBXGroup;
			children = (
				896B952A29714DA90070BBE5 /* ViewController.swift */,
				38D2110129744053004D768A /* BookmarkViewController.swift */,
				38D2110529745038004D768A /* CategoryCollectionVC.swift */,
				898831732974EF93004CE28D /* HomeTableViewCell.swift */,
				89883179297517E7004CE28D /* DetailsVC.swift */,
			);
			path = Controller;
			sourceTree = "<group>";
		};
		38A4A7EC2972504700F504DD /* Utilities */ = {
			isa = PBXGroup;
			children = (
				38A4A7E929724F4A00F504DD /* NetworkManager.swift */,
				38A4A7ED2972508000F504DD /* CustomError.swift */,
				38A4A7F12972AB8100F504DD /* Constants.swift */,
			);
			path = Utilities;
			sourceTree = "<group>";
		};
		38D210EC2973AB17004D768A /* Coredata */ = {
			isa = PBXGroup;
			children = (
				38D210F52973ACD4004D768A /* CDCategory+CoreDataClass.swift */,
				38D210F62973ACD4004D768A /* CDCategory+CoreDataProperties.swift */,
				38D210F72973ACD4004D768A /* CDArticle+CoreDataClass.swift */,
				38D210F82973ACD4004D768A /* CDArticle+CoreDataProperties.swift */,
				38D210FF2973B6A4004D768A /* CoreDataStack.swift */,
			);
			path = Coredata;
			sourceTree = "<group>";
		};
		896B951A29714DA90070BBE5 = {
			isa = PBXGroup;
			children = (
				896B952529714DA90070BBE5 /* The News Explorer */,
				896B952429714DA90070BBE5 /* Products */,
			);
			sourceTree = "<group>";
		};
		896B952429714DA90070BBE5 /* Products */ = {
			isa = PBXGroup;
			children = (
				896B952329714DA90070BBE5 /* The News Explorer.app */,
			);
			name = Products;
			sourceTree = "<group>";
		};
		896B952529714DA90070BBE5 /* The News Explorer */ = {
			isa = PBXGroup;
			children = (
				38A4A7EC2972504700F504DD /* Utilities */,
				38A4A7EB29724F5600F504DD /* Controller */,
				896B953D297163A60070BBE5 /* View */,
				38A4A7E829724E6300F504DD /* Model */,
				896B952829714DA90070BBE5 /* SceneDelegate.swift */,
				896B952629714DA90070BBE5 /* AppDelegate.swift */,
				896B953229714DAA0070BBE5 /* Assets.xcassets */,
				896B953429714DAA0070BBE5 /* LaunchScreen.storyboard */,
				896B953729714DAA0070BBE5 /* Info.plist */,
				896B952F29714DA90070BBE5 /* The_News_Explorer.xcdatamodeld */,
			);
			path = "The News Explorer";
			sourceTree = "<group>";
		};
		896B953D297163A60070BBE5 /* View */ = {
			isa = PBXGroup;
			children = (
				896B952C29714DA90070BBE5 /* Main.storyboard */,
			);
			path = View;
			sourceTree = "<group>";
		};
/* End PBXGroup section */

/* Begin PBXNativeTarget section */
		896B952229714DA90070BBE5 /* The News Explorer */ = {
			isa = PBXNativeTarget;
			buildConfigurationList = 896B953A29714DAA0070BBE5 /* Build configuration list for PBXNativeTarget "The News Explorer" */;
			buildPhases = (
				896B951F29714DA90070BBE5 /* Sources */,
				896B952029714DA90070BBE5 /* Frameworks */,
				896B952129714DA90070BBE5 /* Resources */,
			);
			buildRules = (
			);
			dependencies = (
			);
			name = "The News Explorer";
			productName = "The News Explorer";
			productReference = 896B952329714DA90070BBE5 /* The News Explorer.app */;
			productType = "com.apple.product-type.application";
		};
/* End PBXNativeTarget section */

/* Begin PBXProject section */
		896B951B29714DA90070BBE5 /* Project object */ = {
			isa = PBXProject;
			attributes = {
				BuildIndependentTargetsInParallel = 1;
				LastSwiftUpdateCheck = 1420;
				LastUpgradeCheck = 1420;
				TargetAttributes = {
					896B952229714DA90070BBE5 = {
						CreatedOnToolsVersion = 14.2;
					};
				};
			};
			buildConfigurationList = 896B951E29714DA90070BBE5 /* Build configuration list for PBXProject "The News Explorer" */;
			compatibilityVersion = "Xcode 14.0";
			developmentRegion = en;
			hasScannedForEncodings = 0;
			knownRegions = (
				en,
				Base,
			);
			mainGroup = 896B951A29714DA90070BBE5;
			productRefGroup = 896B952429714DA90070BBE5 /* Products */;
			projectDirPath = "";
			projectRoot = "";
			targets = (
				896B952229714DA90070BBE5 /* The News Explorer */,
			);
		};
/* End PBXProject section */

/* Begin PBXResourcesBuildPhase section */
		896B952129714DA90070BBE5 /* Resources */ = {
			isa = PBXResourcesBuildPhase;
			buildActionMask = 2147483647;
			files = (
				896B953629714DAA0070BBE5 /* LaunchScreen.storyboard in Resources */,
				896B953329714DAA0070BBE5 /* Assets.xcassets in Resources */,
				896B952E29714DA90070BBE5 /* Main.storyboard in Resources */,
			);
			runOnlyForDeploymentPostprocessing = 0;
		};
/* End PBXResourcesBuildPhase section */

/* Begin PBXSourcesBuildPhase section */
		896B951F29714DA90070BBE5 /* Sources */ = {
			isa = PBXSourcesBuildPhase;
			buildActionMask = 2147483647;
			files = (
				38A4A7EE2972508000F504DD /* CustomError.swift in Sources */,
				38A4A7EA29724F4A00F504DD /* NetworkManager.swift in Sources */,
				38D210F92973ACD4004D768A /* CDCategory+CoreDataClass.swift in Sources */,
				896B952B29714DA90070BBE5 /* ViewController.swift in Sources */,
				38D2110229744053004D768A /* BookmarkViewController.swift in Sources */,
				896B952729714DA90070BBE5 /* AppDelegate.swift in Sources */,
				896B952929714DA90070BBE5 /* SceneDelegate.swift in Sources */,
				38A4A7F02972AB1200F504DD /* CategoryModel.swift in Sources */,
				38D2110629745038004D768A /* CategoryCollectionVC.swift in Sources */,
				38D211002973B6A4004D768A /* CoreDataStack.swift in Sources */,
				38D210FA2973ACD5004D768A /* CDCategory+CoreDataProperties.swift in Sources */,
				896B953129714DA90070BBE5 /* The_News_Explorer.xcdatamodeld in Sources */,
				38D210FC2973ACD5004D768A /* CDArticle+CoreDataProperties.swift in Sources */,
				8988317A297517E7004CE28D /* DetailsVC.swift in Sources */,
				38A4A7E729724CCF00F504DD /* NewsModel.swift in Sources */,
				38A4A7F22972AB8100F504DD /* Constants.swift in Sources */,
				898831742974EF93004CE28D /* HomeTableViewCell.swift in Sources */,
				38D210FB2973ACD5004D768A /* CDArticle+CoreDataClass.swift in Sources */,
			);
			runOnlyForDeploymentPostprocessing = 0;
		};
/* End PBXSourcesBuildPhase section */

/* Begin PBXVariantGroup section */
		896B952C29714DA90070BBE5 /* Main.storyboard */ = {
			isa = PBXVariantGroup;
			children = (
				896B952D29714DA90070BBE5 /* Base */,
			);
			name = Main.storyboard;
			sourceTree = "<group>";
		};
		896B953429714DAA0070BBE5 /* LaunchScreen.storyboard */ = {
			isa = PBXVariantGroup;
			children = (
				896B953529714DAA0070BBE5 /* Base */,
			);
			name = LaunchScreen.storyboard;
			sourceTree = "<group>";
		};
/* End PBXVariantGroup section */

/* Begin XCBuildConfiguration section */
		896B953829714DAA0070BBE5 /* Debug */ = {
			isa = XCBuildConfiguration;
			buildSettings = {
				ALWAYS_SEARCH_USER_PATHS = NO;
				CLANG_ANALYZER_NONNULL = YES;
				CLANG_ANALYZER_NUMBER_OBJECT_CONVERSION = YES_AGGRESSIVE;
				CLANG_CXX_LANGUAGE_STANDARD = "gnu++20";
				CLANG_ENABLE_MODULES = YES;
				CLANG_ENABLE_OBJC_ARC = YES;
				CLANG_ENABLE_OBJC_WEAK = YES;
				CLANG_WARN_BLOCK_CAPTURE_AUTORELEASING = YES;
				CLANG_WARN_BOOL_CONVERSION = YES;
				CLANG_WARN_COMMA = YES;
				CLANG_WARN_CONSTANT_CONVERSION = YES;
				CLANG_WARN_DEPRECATED_OBJC_IMPLEMENTATIONS = YES;
				CLANG_WARN_DIRECT_OBJC_ISA_USAGE = YES_ERROR;
				CLANG_WARN_DOCUMENTATION_COMMENTS = YES;
				CLANG_WARN_EMPTY_BODY = YES;
				CLANG_WARN_ENUM_CONVERSION = YES;
				CLANG_WARN_INFINITE_RECURSION = YES;
				CLANG_WARN_INT_CONVERSION = YES;
				CLANG_WARN_NON_LITERAL_NULL_CONVERSION = YES;
				CLANG_WARN_OBJC_IMPLICIT_RETAIN_SELF = YES;
				CLANG_WARN_OBJC_LITERAL_CONVERSION = YES;
				CLANG_WARN_OBJC_ROOT_CLASS = YES_ERROR;
				CLANG_WARN_QUOTED_INCLUDE_IN_FRAMEWORK_HEADER = YES;
				CLANG_WARN_RANGE_LOOP_ANALYSIS = YES;
				CLANG_WARN_STRICT_PROTOTYPES = YES;
				CLANG_WARN_SUSPICIOUS_MOVE = YES;
				CLANG_WARN_UNGUARDED_AVAILABILITY = YES_AGGRESSIVE;
				CLANG_WARN_UNREACHABLE_CODE = YES;
				CLANG_WARN__DUPLICATE_METHOD_MATCH = YES;
				COPY_PHASE_STRIP = NO;
				DEBUG_INFORMATION_FORMAT = dwarf;
				ENABLE_STRICT_OBJC_MSGSEND = YES;
				ENABLE_TESTABILITY = YES;
				GCC_C_LANGUAGE_STANDARD = gnu11;
				GCC_DYNAMIC_NO_PIC = NO;
				GCC_NO_COMMON_BLOCKS = YES;
				GCC_OPTIMIZATION_LEVEL = 0;
				GCC_PREPROCESSOR_DEFINITIONS = (
					"DEBUG=1",
					"$(inherited)",
				);
				GCC_WARN_64_TO_32_BIT_CONVERSION = YES;
				GCC_WARN_ABOUT_RETURN_TYPE = YES_ERROR;
				GCC_WARN_UNDECLARED_SELECTOR = YES;
				GCC_WARN_UNINITIALIZED_AUTOS = YES_AGGRESSIVE;
				GCC_WARN_UNUSED_FUNCTION = YES;
				GCC_WARN_UNUSED_VARIABLE = YES;
				IPHONEOS_DEPLOYMENT_TARGET = 16.2;
				MTL_ENABLE_DEBUG_INFO = INCLUDE_SOURCE;
				MTL_FAST_MATH = YES;
				ONLY_ACTIVE_ARCH = YES;
				SDKROOT = iphoneos;
				SWIFT_ACTIVE_COMPILATION_CONDITIONS = DEBUG;
				SWIFT_OPTIMIZATION_LEVEL = "-Onone";
			};
			name = Debug;
		};
		896B953929714DAA0070BBE5 /* Release */ = {
			isa = XCBuildConfiguration;
			buildSettings = {
				ALWAYS_SEARCH_USER_PATHS = NO;
				CLANG_ANALYZER_NONNULL = YES;
				CLANG_ANALYZER_NUMBER_OBJECT_CONVERSION = YES_AGGRESSIVE;
				CLANG_CXX_LANGUAGE_STANDARD = "gnu++20";
				CLANG_ENABLE_MODULES = YES;
				CLANG_ENABLE_OBJC_ARC = YES;
				CLANG_ENABLE_OBJC_WEAK = YES;
				CLANG_WARN_BLOCK_CAPTURE_AUTORELEASING = YES;
				CLANG_WARN_BOOL_CONVERSION = YES;
				CLANG_WARN_COMMA = YES;
				CLANG_WARN_CONSTANT_CONVERSION = YES;
				CLANG_WARN_DEPRECATED_OBJC_IMPLEMENTATIONS = YES;
				CLANG_WARN_DIRECT_OBJC_ISA_USAGE = YES_ERROR;
				CLANG_WARN_DOCUMENTATION_COMMENTS = YES;
				CLANG_WARN_EMPTY_BODY = YES;
				CLANG_WARN_ENUM_CONVERSION = YES;
				CLANG_WARN_INFINITE_RECURSION = YES;
				CLANG_WARN_INT_CONVERSION = YES;
				CLANG_WARN_NON_LITERAL_NULL_CONVERSION = YES;
				CLANG_WARN_OBJC_IMPLICIT_RETAIN_SELF = YES;
				CLANG_WARN_OBJC_LITERAL_CONVERSION = YES;
				CLANG_WARN_OBJC_ROOT_CLASS = YES_ERROR;
				CLANG_WARN_QUOTED_INCLUDE_IN_FRAMEWORK_HEADER = YES;
				CLANG_WARN_RANGE_LOOP_ANALYSIS = YES;
				CLANG_WARN_STRICT_PROTOTYPES = YES;
				CLANG_WARN_SUSPICIOUS_MOVE = YES;
				CLANG_WARN_UNGUARDED_AVAILABILITY = YES_AGGRESSIVE;
				CLANG_WARN_UNREACHABLE_CODE = YES;
				CLANG_WARN__DUPLICATE_METHOD_MATCH = YES;
				COPY_PHASE_STRIP = NO;
				DEBUG_INFORMATION_FORMAT = "dwarf-with-dsym";
				ENABLE_NS_ASSERTIONS = NO;
				ENABLE_STRICT_OBJC_MSGSEND = YES;
				GCC_C_LANGUAGE_STANDARD = gnu11;
				GCC_NO_COMMON_BLOCKS = YES;
				GCC_WARN_64_TO_32_BIT_CONVERSION = YES;
				GCC_WARN_ABOUT_RETURN_TYPE = YES_ERROR;
				GCC_WARN_UNDECLARED_SELECTOR = YES;
				GCC_WARN_UNINITIALIZED_AUTOS = YES_AGGRESSIVE;
				GCC_WARN_UNUSED_FUNCTION = YES;
				GCC_WARN_UNUSED_VARIABLE = YES;
				IPHONEOS_DEPLOYMENT_TARGET = 16.2;
				MTL_ENABLE_DEBUG_INFO = NO;
				MTL_FAST_MATH = YES;
				SDKROOT = iphoneos;
				SWIFT_COMPILATION_MODE = wholemodule;
				SWIFT_OPTIMIZATION_LEVEL = "-O";
				VALIDATE_PRODUCT = YES;
			};
			name = Release;
		};
		896B953B29714DAA0070BBE5 /* Debug */ = {
			isa = XCBuildConfiguration;
			buildSettings = {
				ASSETCATALOG_COMPILER_APPICON_NAME = AppIcon;
				ASSETCATALOG_COMPILER_GLOBAL_ACCENT_COLOR_NAME = AccentColor;
				CODE_SIGN_STYLE = Automatic;
				CURRENT_PROJECT_VERSION = 1;
				DEVELOPMENT_TEAM = YXX3K8V779;
				GENERATE_INFOPLIST_FILE = YES;
				INFOPLIST_FILE = "The News Explorer/Info.plist";
				INFOPLIST_KEY_UIApplicationSupportsIndirectInputEvents = YES;
				INFOPLIST_KEY_UILaunchStoryboardName = LaunchScreen;
				INFOPLIST_KEY_UIMainStoryboardFile = Main;
				INFOPLIST_KEY_UISupportedInterfaceOrientations_iPad = "UIInterfaceOrientationPortrait UIInterfaceOrientationPortraitUpsideDown UIInterfaceOrientationLandscapeLeft UIInterfaceOrientationLandscapeRight";
				INFOPLIST_KEY_UISupportedInterfaceOrientations_iPhone = "UIInterfaceOrientationPortrait UIInterfaceOrientationLandscapeLeft UIInterfaceOrientationLandscapeRight";
				LD_RUNPATH_SEARCH_PATHS = (
					"$(inherited)",
					"@executable_path/Frameworks",
				);
				MARKETING_VERSION = 1.0;
				PRODUCT_BUNDLE_IDENTIFIER = "com.myapp.The-News-Explorer";
				PRODUCT_NAME = "$(TARGET_NAME)";
				SWIFT_EMIT_LOC_STRINGS = YES;
				SWIFT_VERSION = 5.0;
				TARGETED_DEVICE_FAMILY = "1,2";
			};
			name = Debug;
		};
		896B953C29714DAA0070BBE5 /* Release */ = {
			isa = XCBuildConfiguration;
			buildSettings = {
				ASSETCATALOG_COMPILER_APPICON_NAME = AppIcon;
				ASSETCATALOG_COMPILER_GLOBAL_ACCENT_COLOR_NAME = AccentColor;
				CODE_SIGN_STYLE = Automatic;
				CURRENT_PROJECT_VERSION = 1;
				DEVELOPMENT_TEAM = YXX3K8V779;
				GENERATE_INFOPLIST_FILE = YES;
				INFOPLIST_FILE = "The News Explorer/Info.plist";
				INFOPLIST_KEY_UIApplicationSupportsIndirectInputEvents = YES;
				INFOPLIST_KEY_UILaunchStoryboardName = LaunchScreen;
				INFOPLIST_KEY_UIMainStoryboardFile = Main;
				INFOPLIST_KEY_UISupportedInterfaceOrientations_iPad = "UIInterfaceOrientationPortrait UIInterfaceOrientationPortraitUpsideDown UIInterfaceOrientationLandscapeLeft UIInterfaceOrientationLandscapeRight";
				INFOPLIST_KEY_UISupportedInterfaceOrientations_iPhone = "UIInterfaceOrientationPortrait UIInterfaceOrientationLandscapeLeft UIInterfaceOrientationLandscapeRight";
				LD_RUNPATH_SEARCH_PATHS = (
					"$(inherited)",
					"@executable_path/Frameworks",
				);
				MARKETING_VERSION = 1.0;
				PRODUCT_BUNDLE_IDENTIFIER = "com.myapp.The-News-Explorer";
				PRODUCT_NAME = "$(TARGET_NAME)";
				SWIFT_EMIT_LOC_STRINGS = YES;
				SWIFT_VERSION = 5.0;
				TARGETED_DEVICE_FAMILY = "1,2";
			};
			name = Release;
		};
/* End XCBuildConfiguration section */

/* Begin XCConfigurationList section */
		896B951E29714DA90070BBE5 /* Build configuration list for PBXProject "The News Explorer" */ = {
			isa = XCConfigurationList;
			buildConfigurations = (
				896B953829714DAA0070BBE5 /* Debug */,
				896B953929714DAA0070BBE5 /* Release */,
			);
			defaultConfigurationIsVisible = 0;
			defaultConfigurationName = Release;
		};
		896B953A29714DAA0070BBE5 /* Build configuration list for PBXNativeTarget "The News Explorer" */ = {
			isa = XCConfigurationList;
			buildConfigurations = (
				896B953B29714DAA0070BBE5 /* Debug */,
				896B953C29714DAA0070BBE5 /* Release */,
			);
			defaultConfigurationIsVisible = 0;
			defaultConfigurationName = Release;
		};
/* End XCConfigurationList section */

/* Begin XCVersionGroup section */
		896B952F29714DA90070BBE5 /* The_News_Explorer.xcdatamodeld */ = {
			isa = XCVersionGroup;
			children = (
				896B953029714DA90070BBE5 /* The_News_Explorer.xcdatamodel */,
			);
			currentVersion = 896B953029714DA90070BBE5 /* The_News_Explorer.xcdatamodel */;
			path = The_News_Explorer.xcdatamodeld;
			sourceTree = "<group>";
			versionGroupType = wrapper.xcdatamodel;
		};
/* End XCVersionGroup section */
	};
	rootObject = 896B951B29714DA90070BBE5 /* Project object */;
}
